
Microsoft Visual Studio Solution File, Format Version 12.00
# Visual Studio Version 16
VisualStudioVersion = 16.0.30523.141
MinimumVisualStudioVersion = 10.0.40219.1
Project("{9A19103F-16F7-4668-BE54-9A1E7A4F7556}") = "hod-back", "hod-back\hod-back.csproj", "{AB18686C-92EA-40FD-976C-45560104F0D9}"
EndProject
Project("{FAE04EC0-301F-11D3-BF4B-00C04F79EFBC}") = "hod-back-testing", "hod-back-testing\hod-back-testing.csproj", "{72A8B3F1-1C25-4DE8-AA48-C11BC7752FAB}"
EndProject
Project("{9A19103F-16F7-4668-BE54-9A1E7A4F7556}") = "WebBRS", "WebBRS\WebBRS.csproj", "{139B6CFD-E658-4854-A5C1-1270C036C47B}"
EndProject
Project("{FAE04EC0-301F-11D3-BF4B-00C04F79EFBC}") = "WebBRS-testing", "WebBRS-testing\WebBRS-testing.csproj", "{9AB804F5-900E-4F3E-970D-DAB32391D005}"
EndProject
Global
	GlobalSection(SolutionConfigurationPlatforms) = preSolution
		Debug|Any CPU = Debug|Any CPU
		Release|Any CPU = Release|Any CPU
	EndGlobalSection
	GlobalSection(ProjectConfigurationPlatforms) = postSolution
		{AB18686C-92EA-40FD-976C-45560104F0D9}.Debug|Any CPU.ActiveCfg = Debug|Any CPU
		{AB18686C-92EA-40FD-976C-45560104F0D9}.Debug|Any CPU.Build.0 = Debug|Any CPU
		{AB18686C-92EA-40FD-976C-45560104F0D9}.Release|Any CPU.ActiveCfg = Release|Any CPU
		{AB18686C-92EA-40FD-976C-45560104F0D9}.Release|Any CPU.Build.0 = Release|Any CPU
		{72A8B3F1-1C25-4DE8-AA48-C11BC7752FAB}.Debug|Any CPU.ActiveCfg = Debug|Any CPU
		{72A8B3F1-1C25-4DE8-AA48-C11BC7752FAB}.Debug|Any CPU.Build.0 = Debug|Any CPU
		{72A8B3F1-1C25-4DE8-AA48-C11BC7752FAB}.Release|Any CPU.ActiveCfg = Release|Any CPU
		{72A8B3F1-1C25-4DE8-AA48-C11BC7752FAB}.Release|Any CPU.Build.0 = Release|Any CPU
		{139B6CFD-E658-4854-A5C1-1270C036C47B}.Debug|Any CPU.ActiveCfg = Debug|Any CPU
		{139B6CFD-E658-4854-A5C1-1270C036C47B}.Debug|Any CPU.Build.0 = Debug|Any CPU
		{139B6CFD-E658-4854-A5C1-1270C036C47B}.Release|Any CPU.ActiveCfg = Release|Any CPU
		{139B6CFD-E658-4854-A5C1-1270C036C47B}.Release|Any CPU.Build.0 = Release|Any CPU
		{9AB804F5-900E-4F3E-970D-DAB32391D005}.Debug|Any CPU.ActiveCfg = Debug|Any CPU
		{9AB804F5-900E-4F3E-970D-DAB32391D005}.Debug|Any CPU.Build.0 = Debug|Any CPU
		{9AB804F5-900E-4F3E-970D-DAB32391D005}.Release|Any CPU.ActiveCfg = Release|Any CPU
		{9AB804F5-900E-4F3E-970D-DAB32391D005}.Release|Any CPU.Build.0 = Release|Any CPU
	EndGlobalSection
	GlobalSection(SolutionProperties) = preSolution
		HideSolutionNode = FALSE
	EndGlobalSection
	GlobalSection(ExtensibilityGlobals) = postSolution
		SolutionGuid = {5E4C0E85-2BBC-444E-9276-E9C363B1527F}
	EndGlobalSection
EndGlobal
